lockfileVersion: '9.0'

settings:
  autoInstallPeers: true
  excludeLinksFromLockfile: false

importers:

  .:
    devDependencies:
      rollup:
        specifier: ^4.55.2
        version: 4.55.2
      typescript:
        specifier: ^5.9.3
        version: 5.9.3

  packages/compiler:
    dependencies:
      '@typescript-eslint/typescript-estree':
        specifier: ^8.53.1
        version: 8.53.1(typescript@5.9.3)
      estree-walker:
        specifier: ^3.0.3
        version: 3.0.3
      magic-string:
        specifier: ^0.30.21
        version: 0.30.21
      source-map:
        specifier: ^0.7.6
        version: 0.7.6
    devDependencies:
      '@types/node':
        specifier: ^25.0.9
        version: 25.0.9

packages:

  '@jridgewell/sourcemap-codec@1.5.5':
    resolution: {integrity: sha512-cYQ9310grqxueWbl+WuIUIaiUaDcj7WOq5fVhEljNVgRfOUhY9fy2zTvfoqWsnebh8Sl70VScFbICvJnLKB0Og==}

  '@rollup/rollup-android-arm-eabi@4.55.2':
    resolution: {integrity: sha512-21J6xzayjy3O6NdnlO6aXi/urvSRjm6nCI6+nF6ra2YofKruGixN9kfT+dt55HVNwfDmpDHJcaS3JuP/boNnlA==}
    cpu: [arm]
    os: [android]

  '@rollup/rollup-android-arm64@4.55.2':
    resolution: {integrity: sha512-eXBg7ibkNUZ+sTwbFiDKou0BAckeV6kIigK7y5Ko4mB/5A1KLhuzEKovsmfvsL8mQorkoincMFGnQuIT92SKqA==}
    cpu: [arm64]
    os: [android]

  '@rollup/rollup-darwin-arm64@4.55.2':
    resolution: {integrity: sha512-UCbaTklREjrc5U47ypLulAgg4njaqfOVLU18VrCrI+6E5MQjuG0lSWaqLlAJwsD7NpFV249XgB0Bi37Zh5Sz4g==}
    cpu: [arm64]
    os: [darwin]

  '@rollup/rollup-darwin-x64@4.55.2':
    resolution: {integrity: sha512-dP67MA0cCMHFT2g5XyjtpVOtp7y4UyUxN3dhLdt11at5cPKnSm4lY+EhwNvDXIMzAMIo2KU+mc9wxaAQJTn7sQ==}
    cpu: [x64]
    os: [darwin]

  '@rollup/rollup-freebsd-arm64@4.55.2':
    resolution: {integrity: sha512-WDUPLUwfYV9G1yxNRJdXcvISW15mpvod1Wv3ok+Ws93w1HjIVmCIFxsG2DquO+3usMNCpJQ0wqO+3GhFdl6Fow==}
    cpu: [arm64]
    os: [freebsd]

  '@rollup/rollup-freebsd-x64@4.55.2':
    resolution: {integrity: sha512-Ng95wtHVEulRwn7R0tMrlUuiLVL/HXA8Lt/MYVpy88+s5ikpntzZba1qEulTuPnPIZuOPcW9wNEiqvZxZmgmqQ==}
    cpu: [x64]
    os: [freebsd]

  '@rollup/rollup-linux-arm-gnueabihf@4.55.2':
    resolution: {integrity: sha512-AEXMESUDWWGqD6LwO/HkqCZgUE1VCJ1OhbvYGsfqX2Y6w5quSXuyoy/Fg3nRqiwro+cJYFxiw5v4kB2ZDLhxrw==}
    cpu: [arm]
    os: [linux]

  '@rollup/rollup-linux-arm-musleabihf@4.55.2':
    resolution: {integrity: sha512-ZV7EljjBDwBBBSv570VWj0hiNTdHt9uGznDtznBB4Caj3ch5rgD4I2K1GQrtbvJ/QiB+663lLgOdcADMNVC29Q==}
    cpu: [arm]
    os: [linux]

  '@rollup/rollup-linux-arm64-gnu@4.55.2':
    resolution: {integrity: sha512-uvjwc8NtQVPAJtq4Tt7Q49FOodjfbf6NpqXyW/rjXoV+iZ3EJAHLNAnKT5UJBc6ffQVgmXTUL2ifYiLABlGFqA==}
    cpu: [arm64]
    os: [linux]

  '@rollup/rollup-linux-arm64-musl@4.55.2':
    resolution: {integrity: sha512-s3KoWVNnye9mm/2WpOZ3JeUiediUVw6AvY/H7jNA6qgKA2V2aM25lMkVarTDfiicn/DLq3O0a81jncXszoyCFA==}
    cpu: [arm64]
    os: [linux]

  '@rollup/rollup-linux-loong64-gnu@4.55.2':
    resolution: {integrity: sha512-gi21faacK+J8aVSyAUptML9VQN26JRxe484IbF+h3hpG+sNVoMXPduhREz2CcYr5my0NE3MjVvQ5bMKX71pfVA==}
    cpu: [loong64]
    os: [linux]

  '@rollup/rollup-linux-loong64-musl@4.55.2':
    resolution: {integrity: sha512-qSlWiXnVaS/ceqXNfnoFZh4IiCA0EwvCivivTGbEu1qv2o+WTHpn1zNmCTAoOG5QaVr2/yhCoLScQtc/7RxshA==}
    cpu: [loong64]
    os: [linux]

  '@rollup/rollup-linux-ppc64-gnu@4.55.2':
    resolution: {integrity: sha512-rPyuLFNoF1B0+wolH277E780NUKf+KoEDb3OyoLbAO18BbeKi++YN6gC/zuJoPPDlQRL3fIxHxCxVEWiem2yXw==}
    cpu: [ppc64]
    os: [linux]

  '@rollup/rollup-linux-ppc64-musl@4.55.2':
    resolution: {integrity: sha512-g+0ZLMook31iWV4PvqKU0i9E78gaZgYpSrYPed/4Bu+nGTgfOPtfs1h11tSSRPXSjC5EzLTjV/1A7L2Vr8pJoQ==}
    cpu: [ppc64]
    os: [linux]

  '@rollup/rollup-linux-riscv64-gnu@4.55.2':
    resolution: {integrity: sha512-i+sGeRGsjKZcQRh3BRfpLsM3LX3bi4AoEVqmGDyc50L6KfYsN45wVCSz70iQMwPWr3E5opSiLOwsC9WB4/1pqg==}
    cpu: [riscv64]
    os: [linux]

  '@rollup/rollup-linux-riscv64-musl@4.55.2':
    resolution: {integrity: sha512-C1vLcKc4MfFV6I0aWsC7B2Y9QcsiEcvKkfxprwkPfLaN8hQf0/fKHwSF2lcYzA9g4imqnhic729VB9Fo70HO3Q==}
    cpu: [riscv64]
    os: [linux]

  '@rollup/rollup-linux-s390x-gnu@4.55.2':
    resolution: {integrity: sha512-68gHUK/howpQjh7g7hlD9DvTTt4sNLp1Bb+Yzw2Ki0xvscm2cOdCLZNJNhd2jW8lsTPrHAHuF751BygifW4bkQ==}
    cpu: [s390x]
    os: [linux]

  '@rollup/rollup-linux-x64-gnu@4.55.2':
    resolution: {integrity: sha512-1e30XAuaBP1MAizaOBApsgeGZge2/Byd6wV4a8oa6jPdHELbRHBiw7wvo4dp7Ie2PE8TZT4pj9RLGZv9N4qwlw==}
    cpu: [x64]
    os: [linux]

  '@rollup/rollup-linux-x64-musl@4.55.2':
    resolution: {integrity: sha512-4BJucJBGbuGnH6q7kpPqGJGzZnYrpAzRd60HQSt3OpX/6/YVgSsJnNzR8Ot74io50SeVT4CtCWe/RYIAymFPwA==}
    cpu: [x64]
    os: [linux]

  '@rollup/rollup-openbsd-x64@4.55.2':
    resolution: {integrity: sha512-cT2MmXySMo58ENv8p6/O6wI/h/gLnD3D6JoajwXFZH6X9jz4hARqUhWpGuQhOgLNXscfZYRQMJvZDtWNzMAIDw==}
    cpu: [x64]
    os: [openbsd]

  '@rollup/rollup-openharmony-arm64@4.55.2':
    resolution: {integrity: sha512-sZnyUgGkuzIXaK3jNMPmUIyJrxu/PjmATQrocpGA1WbCPX8H5tfGgRSuYtqBYAvLuIGp8SPRb1O4d1Fkb5fXaQ==}
    cpu: [arm64]
    os: [openharmony]

  '@rollup/rollup-win32-arm64-msvc@4.55.2':
    resolution: {integrity: sha512-sDpFbenhmWjNcEbBcoTV0PWvW5rPJFvu+P7XoTY0YLGRupgLbFY0XPfwIbJOObzO7QgkRDANh65RjhPmgSaAjQ==}
    cpu: [arm64]
    os: [win32]

  '@rollup/rollup-win32-ia32-msvc@4.55.2':
    resolution: {integrity: sha512-GvJ03TqqaweWCigtKQVBErw2bEhu1tyfNQbarwr94wCGnczA9HF8wqEe3U/Lfu6EdeNP0p6R+APeHVwEqVxpUQ==}
    cpu: [ia32]
    os: [win32]

  '@rollup/rollup-win32-x64-gnu@4.55.2':
    resolution: {integrity: sha512-KvXsBvp13oZz9JGe5NYS7FNizLe99Ny+W8ETsuCyjXiKdiGrcz2/J/N8qxZ/RSwivqjQguug07NLHqrIHrqfYw==}
    cpu: [x64]
    os: [win32]

  '@rollup/rollup-win32-x64-msvc@4.55.2':
    resolution: {integrity: sha512-xNO+fksQhsAckRtDSPWaMeT1uIM+JrDRXlerpnWNXhn1TdB3YZ6uKBMBTKP0eX9XtYEP978hHk1f8332i2AW8Q==}
    cpu: [x64]
    os: [win32]

  '@types/estree@1.0.8':
    resolution: {integrity: sha512-dWHzHa2WqEXI/O1E9OjrocMTKJl2mSrEolh1Iomrv6U+JuNwaHXsXx9bLu5gG7BUWFIN0skIQJQ/L1rIex4X6w==}

  '@types/node@25.0.9':
    resolution: {integrity: sha512-/rpCXHlCWeqClNBwUhDcusJxXYDjZTyE8v5oTO7WbL8eij2nKhUeU89/6xgjU7N4/Vh3He0BtyhJdQbDyhiXAw==}

  '@typescript-eslint/project-service@8.53.1':
    resolution: {integrity: sha512-WYC4FB5Ra0xidsmlPb+1SsnaSKPmS3gsjIARwbEkHkoWloQmuzcfypljaJcR78uyLA1h8sHdWWPHSLDI+MtNog==}
    engines: {node: ^18.18.0 || ^20.9.0 || >=21.1.0}
    peerDependencies:
      typescript: '>=4.8.4 <6.0.0'

  '@typescript-eslint/tsconfig-utils@8.53.1':
    resolution: {integrity: sha512-qfvLXS6F6b1y43pnf0pPbXJ+YoXIC7HKg0UGZ27uMIemKMKA6XH2DTxsEDdpdN29D+vHV07x/pnlPNVLhdhWiA==}
    engines: {node: ^18.18.0 || ^20.9.0 || >=21.1.0}
    peerDependencies:
      typescript: '>=4.8.4 <6.0.0'

  '@typescript-eslint/types@8.53.1':
    resolution: {integrity: sha512-jr/swrr2aRmUAUjW5/zQHbMaui//vQlsZcJKijZf3M26bnmLj8LyZUpj8/Rd6uzaek06OWsqdofN/Thenm5O8A==}
    engines: {node: ^18.18.0 || ^20.9.0 || >=21.1.0}

  '@typescript-eslint/typescript-estree@8.53.1':
    resolution: {integrity: sha512-RGlVipGhQAG4GxV1s34O91cxQ/vWiHJTDHbXRr0li2q/BGg3RR/7NM8QDWgkEgrwQYCvmJV9ichIwyoKCQ+DTg==}
    engines: {node: ^18.18.0 || ^20.9.0 || >=21.1.0}
    peerDependencies:
      typescript: '>=4.8.4 <6.0.0'

  '@typescript-eslint/visitor-keys@8.53.1':
    resolution: {integrity: sha512-oy+wV7xDKFPRyNggmXuZQSBzvoLnpmJs+GhzRhPjrxl2b/jIlyjVokzm47CZCDUdXKr2zd7ZLodPfOBpOPyPlg==}
    engines: {node: ^18.18.0 || ^20.9.0 || >=21.1.0}

  balanced-match@1.0.2:
    resolution: {integrity: sha512-3oSeUO0TMV67hN1AmbXsK4yaqU7tjiHlbxRDZOpH0KW9+CeX4bRAaX0Anxt0tx2MrpRpWwQaPwIlISEJhYU5Pw==}

  brace-expansion@2.0.2:
    resolution: {integrity: sha512-Jt0vHyM+jmUBqojB7E1NIYadt0vI0Qxjxd2TErW94wDz+E2LAm5vKMXXwg6ZZBTHPuUlDgQHKXvjGBdfcF1ZDQ==}

  debug@4.4.3:
    resolution: {integrity: sha512-RGwwWnwQvkVfavKVt22FGLw+xYSdzARwm0ru6DhTVA3umU5hZc28V3kO4stgYryrTlLpuvgI9GiijltAjNbcqA==}
    engines: {node: '>=6.0'}
    peerDependencies:
      supports-color: '*'
    peerDependenciesMeta:
      supports-color:
        optional: true

  eslint-visitor-keys@4.2.1:
    resolution: {integrity: sha512-Uhdk5sfqcee/9H/rCOJikYz67o0a2Tw2hGRPOG2Y1R2dg7brRe1uG0yaNQDHu+TO/uQPF/5eCapvYSmHUjt7JQ==}
    engines: {node: ^18.18.0 || ^20.9.0 || >=21.1.0}

  estree-walker@3.0.3:
    resolution: {integrity: sha512-7RUKfXgSMMkzt6ZuXmqapOurLGPPfgj6l9uRZ7lRGolvk0y2yocc35LdcxKC5PQZdn2DMqioAQ2NoWcrTKmm6g==}

  fdir@6.5.0:
    resolution: {integrity: sha512-tIbYtZbucOs0BRGqPJkshJUYdL+SDH7dVM8gjy+ERp3WAUjLEFJE+02kanyHtwjWOnwrKYBiwAmM0p4kLJAnXg==}
    engines: {node: '>=12.0.0'}
    peerDependencies:
      picomatch: ^3 || ^4
    peerDependenciesMeta:
      picomatch:
        optional: true

  fsevents@2.3.3:
    resolution: {integrity: sha512-5xoDfX+fL7faATnagmWPpbFtwh/R77WmMMqqHGS65C3vvB0YHrgF+B1YmZ3441tMj5n63k0212XNoJwzlhffQw==}
    engines: {node: ^8.16.0 || ^10.6.0 || >=11.0.0}
    os: [darwin]

  magic-string@0.30.21:
    resolution: {integrity: sha512-vd2F4YUyEXKGcLHoq+TEyCjxueSeHnFxyyjNp80yg0XV4vUhnDer/lvvlqM/arB5bXQN5K2/3oinyCRyx8T2CQ==}

  minimatch@9.0.5:
    resolution: {integrity: sha512-G6T0ZX48xgozx7587koeX9Ys2NYy6Gmv//P89sEte9V9whIapMNF4idKxnW2QtCcLiTWlb/wfCabAtAFWhhBow==}
    engines: {node: '>=16 || 14 >=14.17'}

  ms@2.1.3:
    resolution: {integrity: sha512-6FlzubTLZG3J2a/NVCAleEhjzq5oxgHyaCU9yYXvcLsvoVaHJq/s5xXI6/XXP6tz7R9xAOtHnSO/tXtF3WRTlA==}

  picomatch@4.0.3:
    resolution: {integrity: sha512-5gTmgEY/sqK6gFXLIsQNH19lWb4ebPDLA4SdLP7dsWkIXHWlG66oPuVvXSGFPppYZz8ZDZq0dYYrbHfBCVUb1Q==}
    engines: {node: '>=12'}

  rollup@4.55.2:
    resolution: {integrity: sha512-PggGy4dhwx5qaW+CKBilA/98Ql9keyfnb7lh4SR6shQ91QQQi1ORJ1v4UinkdP2i87OBs9AQFooQylcrrRfIcg==}
    engines: {node: '>=18.0.0', npm: '>=8.0.0'}
    hasBin: true

  semver@7.7.3:
    resolution: {integrity: sha512-SdsKMrI9TdgjdweUSR9MweHA4EJ8YxHn8DFaDisvhVlUOe4BF1tLD7GAj0lIqWVl+dPb/rExr0Btby5loQm20Q==}
    engines: {node: '>=10'}
    hasBin: true

  source-map@0.7.6:
    resolution: {integrity: sha512-i5uvt8C3ikiWeNZSVZNWcfZPItFQOsYTUAOkcUPGd8DqDy1uOUikjt5dG+uRlwyvR108Fb9DOd4GvXfT0N2/uQ==}
    engines: {node: '>= 12'}

  tinyglobby@0.2.15:
    resolution: {integrity: sha512-j2Zq4NyQYG5XMST4cbs02Ak8iJUdxRM0XI5QyxXuZOzKOINmWurp3smXu3y5wDcJrptwpSjgXHzIQxR0omXljQ==}
    engines: {node: '>=12.0.0'}

  ts-api-utils@2.4.0:
    resolution: {integrity: sha512-3TaVTaAv2gTiMB35i3FiGJaRfwb3Pyn/j3m/bfAvGe8FB7CF6u+LMYqYlDh7reQf7UNvoTvdfAqHGmPGOSsPmA==}
    engines: {node: '>=18.12'}
    peerDependencies:
      typescript: '>=4.8.4'

  typescript@5.9.3:
    resolution: {integrity: sha512-jl1vZzPDinLr9eUt3J/t7V6FgNEw9QjvBPdysz9KfQDD41fQrC2Y4vKQdiaUpFT4bXlb1RHhLpp8wtm6M5TgSw==}
    engines: {node: '>=14.17'}
    hasBin: true

  undici-types@7.16.0:
    resolution: {integrity: sha512-Zz+aZWSj8LE6zoxD+xrjh4VfkIG8Ya6LvYkZqtUQGJPZjYl53ypCaUwWqo7eI0x66KBGeRo+mlBEkMSeSZ38Nw==}

snapshots:

  '@jridgewell/sourcemap-codec@1.5.5': {}

  '@rollup/rollup-android-arm-eabi@4.55.2':
    optional: true

  '@rollup/rollup-android-arm64@4.55.2':
    optional: true

  '@rollup/rollup-darwin-arm64@4.55.2':
    optional: true

  '@rollup/rollup-darwin-x64@4.55.2':
    optional: true

  '@rollup/rollup-freebsd-arm64@4.55.2':
    optional: true

  '@rollup/rollup-freebsd-x64@4.55.2':
    optional: true

  '@rollup/rollup-linux-arm-gnueabihf@4.55.2':
    optional: true

  '@rollup/rollup-linux-arm-musleabihf@4.55.2':
    optional: true

  '@rollup/rollup-linux-arm64-gnu@4.55.2':
    optional: true

  '@rollup/rollup-linux-arm64-musl@4.55.2':
    optional: true

  '@rollup/rollup-linux-loong64-gnu@4.55.2':
    optional: true

  '@rollup/rollup-linux-loong64-musl@4.55.2':
    optional: true

  '@rollup/rollup-linux-ppc64-gnu@4.55.2':
    optional: true

  '@rollup/rollup-linux-ppc64-musl@4.55.2':
    optional: true

  '@rollup/rollup-linux-riscv64-gnu@4.55.2':
    optional: true

  '@rollup/rollup-linux-riscv64-musl@4.55.2':
    optional: true

  '@rollup/rollup-linux-s390x-gnu@4.55.2':
    optional: true

  '@rollup/rollup-linux-x64-gnu@4.55.2':
    optional: true

  '@rollup/rollup-linux-x64-musl@4.55.2':
    optional: true

  '@rollup/rollup-openbsd-x64@4.55.2':
    optional: true

  '@rollup/rollup-openharmony-arm64@4.55.2':
    optional: true

  '@rollup/rollup-win32-arm64-msvc@4.55.2':
    optional: true

  '@rollup/rollup-win32-ia32-msvc@4.55.2':
    optional: true

  '@rollup/rollup-win32-x64-gnu@4.55.2':
    optional: true

  '@rollup/rollup-win32-x64-msvc@4.55.2':
    optional: true

  '@types/estree@1.0.8': {}

  '@types/node@25.0.9':
    dependencies:
      undici-types: 7.16.0

  '@typescript-eslint/project-service@8.53.1(typescript@5.9.3)':
    dependencies:
      '@typescript-eslint/tsconfig-utils': 8.53.1(typescript@5.9.3)
      '@typescript-eslint/types': 8.53.1
      debug: 4.4.3
      typescript: 5.9.3
    transitivePeerDependencies:
      - supports-color

  '@typescript-eslint/tsconfig-utils@8.53.1(typescript@5.9.3)':
    dependencies:
      typescript: 5.9.3

  '@typescript-eslint/types@8.53.1': {}

  '@typescript-eslint/typescript-estree@8.53.1(typescript@5.9.3)':
    dependencies:
      '@typescript-eslint/project-service': 8.53.1(typescript@5.9.3)
      '@typescript-eslint/tsconfig-utils': 8.53.1(typescript@5.9.3)
      '@typescript-eslint/types': 8.53.1
      '@typescript-eslint/visitor-keys': 8.53.1
      debug: 4.4.3
      minimatch: 9.0.5
      semver: 7.7.3
      tinyglobby: 0.2.15
      ts-api-utils: 2.4.0(typescript@5.9.3)
      typescript: 5.9.3
    transitivePeerDependencies:
      - supports-color

  '@typescript-eslint/visitor-keys@8.53.1':
    dependencies:
      '@typescript-eslint/types': 8.53.1
      eslint-visitor-keys: 4.2.1

  balanced-match@1.0.2: {}

  brace-expansion@2.0.2:
    dependencies:
      balanced-match: 1.0.2

  debug@4.4.3:
    dependencies:
      ms: 2.1.3

  eslint-visitor-keys@4.2.1: {}

  estree-walker@3.0.3:
    dependencies:
      '@types/estree': 1.0.8

  fdir@6.5.0(picomatch@4.0.3):
    optionalDependencies:
      picomatch: 4.0.3

  fsevents@2.3.3:
    optional: true

  magic-string@0.30.21:
    dependencies:
      '@jridgewell/sourcemap-codec': 1.5.5

  minimatch@9.0.5:
    dependencies:
      brace-expansion: 2.0.2

  ms@2.1.3: {}

  picomatch@4.0.3: {}

  rollup@4.55.2:
    dependencies:
      '@types/estree': 1.0.8
    optionalDependencies:
      '@rollup/rollup-android-arm-eabi': 4.55.2
      '@rollup/rollup-android-arm64': 4.55.2
      '@rollup/rollup-darwin-arm64': 4.55.2
      '@rollup/rollup-darwin-x64': 4.55.2
      '@rollup/rollup-freebsd-arm64': 4.55.2
      '@rollup/rollup-freebsd-x64': 4.55.2
      '@rollup/rollup-linux-arm-gnueabihf': 4.55.2
      '@rollup/rollup-linux-arm-musleabihf': 4.55.2
      '@rollup/rollup-linux-arm64-gnu': 4.55.2
      '@rollup/rollup-linux-arm64-musl': 4.55.2
      '@rollup/rollup-linux-loong64-gnu': 4.55.2
      '@rollup/rollup-linux-loong64-musl': 4.55.2
      '@rollup/rollup-linux-ppc64-gnu': 4.55.2
      '@rollup/rollup-linux-ppc64-musl': 4.55.2
      '@rollup/rollup-linux-riscv64-gnu': 4.55.2
      '@rollup/rollup-linux-riscv64-musl': 4.55.2
      '@rollup/rollup-linux-s390x-gnu': 4.55.2
      '@rollup/rollup-linux-x64-gnu': 4.55.2
      '@rollup/rollup-linux-x64-musl': 4.55.2
      '@rollup/rollup-openbsd-x64': 4.55.2
      '@rollup/rollup-openharmony-arm64': 4.55.2
      '@rollup/rollup-win32-arm64-msvc': 4.55.2
      '@rollup/rollup-win32-ia32-msvc': 4.55.2
      '@rollup/rollup-win32-x64-gnu': 4.55.2
      '@rollup/rollup-win32-x64-msvc': 4.55.2
      fsevents: 2.3.3

  semver@7.7.3: {}

  source-map@0.7.6: {}

  tinyglobby@0.2.15:
    dependencies:
      fdir: 6.5.0(picomatch@4.0.3)
      picomatch: 4.0.3

  ts-api-utils@2.4.0(typescript@5.9.3):
    dependencies:
      typescript: 5.9.3

  typescript@5.9.3: {}

  undici-types@7.16.0: {}
