{
  "name": "@rumious/config",
  "version": "0.0.1",
  "lockfileVersion": 3,
  "requires": true,
  "packages": {
    "": {
      "name": "@rumious/config",
      "version": "0.0.1",
      "license": "MIT",
      "devDependencies": {},
      "engines": {
        "node": ">=18"
      },
      "peerDependencies": {
        "@rumious/core": "*"
      }
    },
    "node_modules/@rumious/core": {
      "version": "3.0.5",
      "resolved": "https://registry.npmjs.org/@rumious/core/-/core-3.0.5.tgz",
      "integrity": "sha512-77PXnzXoW7kWWYf5RyNc9b6ltsLX/sww01qjMzE+bgNC9sZvsKthgYTDK/O4yG4PrMz6PjEovnnqlZTRBQvGuQ==",
      "license": "MIT",
      "peer": true,
      "engines": {
        "node": ">=18"
      }
    }
  }
}
